Microsoft Visual Studio Solution File, Format Version 12.00
# Visual Studio Version 17
VisualStudioVersion = 17.5.2.0
MinimumVisualStudioVersion = 10.0.40219.1
Project("{FAE04EC0-301F-11D3-BF4B-00C04F79EFBC}") = "PROYECTO 2", "PROYECTO 2.csproj", "{B74C1C79-C0C2-F58F-E3C4-65E4F60AB564}"
EndProject
Global
	GlobalSection(SolutionConfigurationPlatforms) = preSolution
		Debug|Any CPU = Debug|Any CPU
		Release|Any CPU = Release|Any CPU
	EndGlobalSection
	GlobalSection(ProjectConfigurationPlatforms) = postSolution
		{B74C1C79-C0C2-F58F-E3C4-65E4F60AB564}.Debug|Any CPU.ActiveCfg = Debug|Any CPU
		{B74C1C79-C0C2-F58F-E3C4-65E4F60AB564}.Debug|Any CPU.Build.0 = Debug|Any CPU
		{B74C1C79-C0C2-F58F-E3C4-65E4F60AB564}.Release|Any CPU.ActiveCfg = Release|Any CPU
		{B74C1C79-C0C2-F58F-E3C4-65E4F60AB564}.Release|Any CPU.Build.0 = Release|Any CPU
	EndGlobalSection
	GlobalSection(SolutionProperties) = preSolution
		HideSolutionNode = FALSE
	EndGlobalSection
	GlobalSection(ExtensibilityGlobals) = postSolution
		SolutionGuid = {954EDC3C-1161-49E7-814B-8605A0E85211}
	EndGlobalSection
EndGlobal
